
Microsoft Visual Studio Solution File, Format Version 12.00
# Visual Studio Version 17
VisualStudioVersion = 17.4.33122.133
MinimumVisualStudioVersion = 10.0.40219.1
Project("{FAE04EC0-301F-11D3-BF4B-00C04F79EFBC}") = "Week15OOPAndFiles", "Week15OOPAndFiles\Week15OOPAndFiles.csproj", "{BA23032C-8663-42BD-9B23-3FDD7EBAAB6B}"
EndProject
Global
	GlobalSection(SolutionConfigurationPlatforms) = preSolution
		Debug|Any CPU = Debug|Any CPU
		Release|Any CPU = Release|Any CPU
	EndGlobalSection
	GlobalSection(ProjectConfigurationPlatforms) = postSolution
		{BA23032C-8663-42BD-9B23-3FDD7EBAAB6B}.Debug|Any CPU.ActiveCfg = Debug|Any CPU
		{BA23032C-8663-42BD-9B23-3FDD7EBAAB6B}.Debug|Any CPU.Build.0 = Debug|Any CPU
		{BA23032C-8663-42BD-9B23-3FDD7EBAAB6B}.Release|Any CPU.ActiveCfg = Release|Any CPU
		{BA23032C-8663-42BD-9B23-3FDD7EBAAB6B}.Release|Any CPU.Build.0 = Release|Any CPU
	EndGlobalSection
	GlobalSection(SolutionProperties) = preSolution
		HideSolutionNode = FALSE
	EndGlobalSection
	GlobalSection(ExtensibilityGlobals) = postSolution
		SolutionGuid = {7D87AE8F-2851-4F44-91E1-65DE00A437F2}
	EndGlobalSection
EndGlobal
